
Microsoft Visual Studio Solution File, Format Version 12.00
# Visual Studio Version 16
VisualStudioVersion = 16.0.29519.181
MinimumVisualStudioVersion = 10.0.40219.1
Project("{9A19103F-16F7-4668-BE54-9A1E7A4F7556}") = "Enigmatry.Blueprint.Api", "Enigmatry.Blueprint.Api\Enigmatry.Blueprint.Api.csproj", "{122DBA61-9947-4EFD-B4AC-FEB39135C2DB}"
EndProject
Project("{9A19103F-16F7-4668-BE54-9A1E7A4F7556}") = "Enigmatry.Blueprint.Infrastructure", "Enigmatry.Blueprint.Infrastructure\Enigmatry.Blueprint.Infrastructure.csproj", "{A37F5D21-519B-4A5E-8238-E9F8AA7D0174}"
EndProject
Project("{9A19103F-16F7-4668-BE54-9A1E7A4F7556}") = "Enigmatry.Blueprint.Model", "Enigmatry.Blueprint.Model\Enigmatry.Blueprint.Model.csproj", "{98BD9F63-8C8E-4777-A12A-B53056CAA6B9}"
EndProject
Project("{9A19103F-16F7-4668-BE54-9A1E7A4F7556}") = "Enigmatry.Blueprint.Core", "Enigmatry.Blueprint.Core\Enigmatry.Blueprint.Core.csproj", "{D3297483-ABCC-4AF7-88BA-9670DE1B638A}"
EndProject
Project("{9A19103F-16F7-4668-BE54-9A1E7A4F7556}") = "Enigmatry.Blueprint.Data.Migrations", "Enigmatry.Blueprint.Data.Migrations\Enigmatry.Blueprint.Data.Migrations.csproj", "{6191912D-988A-492E-A60C-07F115C201B7}"
EndProject
Project("{9A19103F-16F7-4668-BE54-9A1E7A4F7556}") = "Enigmatry.Blueprint.Api.Tests", "Enigmatry.Blueprint.Api.Tests\Enigmatry.Blueprint.Api.Tests.csproj", "{BDB0B879-D4AD-400F-B8C4-63E95981010B}"
EndProject
Project("{9A19103F-16F7-4668-BE54-9A1E7A4F7556}") = "Enigmatry.Blueprint.Model.Tests", "Enigmatry.Blueprint.Model.Tests\Enigmatry.Blueprint.Model.Tests.csproj", "{1CC1BD9F-6D40-42AA-97F2-937AF2AD0B70}"
EndProject
Project("{9A19103F-16F7-4668-BE54-9A1E7A4F7556}") = "Enigmatry.Blueprint.App", "enigmatry-blueprint-app\Enigmatry.Blueprint.App.csproj", "{798EB599-36B3-4855-86D6-9ADD8EE266B5}"
EndProject
Project("{9A19103F-16F7-4668-BE54-9A1E7A4F7556}") = "Enigmatry.Blueprint.ApplicationServices", "Enigmatry.Blueprint.ApplicationServices\Enigmatry.Blueprint.ApplicationServices.csproj", "{E81F6E69-85ED-4768-9DFF-10E0D94AE0F4}"
EndProject
Project("{2150E333-8FDC-42A3-9474-1A3956D46DE8}") = "Solution Items", "Solution Items", "{39D678DB-292F-47B0-A70B-0ECB0E7F7C80}"
	ProjectSection(SolutionItems) = preProject
		.editorconfig = .editorconfig
		nuget.config = nuget.config
	EndProjectSection
EndProject
Project("{9A19103F-16F7-4668-BE54-9A1E7A4F7556}") = "Enigmatry.Blueprint.Infrastructure.Tests", "Enigmatry.Blueprint.Infrastructure.Tests\Enigmatry.Blueprint.Infrastructure.Tests.csproj", "{2453EC7F-F45C-4DAE-9417-A5F95519BCB2}"
EndProject
Project("{9A19103F-16F7-4668-BE54-9A1E7A4F7556}") = "Enigmatry.Blueprint.Data.Migrations.Runner", "Enigmatry.Blueprint.Data.Migrations.Runner\Enigmatry.Blueprint.Data.Migrations.Runner.csproj", "{E47E859C-6E79-4E43-97AD-DD827B86E919}"
EndProject
Project("{2150E333-8FDC-42A3-9474-1A3956D46DE8}") = "Deployment", "Deployment", "{B11717EB-1E91-4227-97FA-2F4A73899289}"
	ProjectSection(SolutionItems) = preProject
		Deployment\publish-web-profile-test-api.proj = Deployment\publish-web-profile-test-api.proj
		Deployment\publish-web-profile-test-app.proj = Deployment\publish-web-profile-test-app.proj
	EndProjectSection
EndProject
Project("{9A19103F-16F7-4668-BE54-9A1E7A4F7556}") = "Enigmatry.Blueprint.Template", "Enigmatry.Blueprint.Template.csproj", "{2218303A-AD60-4C30-BFBC-104BB877E18F}"
EndProject
Global
	GlobalSection(SolutionConfigurationPlatforms) = preSolution
		Debug|Any CPU = Debug|Any CPU
		Release|Any CPU = Release|Any CPU
	EndGlobalSection
	GlobalSection(ProjectConfigurationPlatforms) = postSolution
		{122DBA61-9947-4EFD-B4AC-FEB39135C2DB}.Debug|Any CPU.ActiveCfg = Debug|Any CPU
		{122DBA61-9947-4EFD-B4AC-FEB39135C2DB}.Debug|Any CPU.Build.0 = Debug|Any CPU
		{122DBA61-9947-4EFD-B4AC-FEB39135C2DB}.Release|Any CPU.ActiveCfg = Release|Any CPU
		{122DBA61-9947-4EFD-B4AC-FEB39135C2DB}.Release|Any CPU.Build.0 = Release|Any CPU
		{A37F5D21-519B-4A5E-8238-E9F8AA7D0174}.Debug|Any CPU.ActiveCfg = Debug|Any CPU
		{A37F5D21-519B-4A5E-8238-E9F8AA7D0174}.Debug|Any CPU.Build.0 = Debug|Any CPU
		{A37F5D21-519B-4A5E-8238-E9F8AA7D0174}.Release|Any CPU.ActiveCfg = Release|Any CPU
		{A37F5D21-519B-4A5E-8238-E9F8AA7D0174}.Release|Any CPU.Build.0 = Release|Any CPU
		{98BD9F63-8C8E-4777-A12A-B53056CAA6B9}.Debug|Any CPU.ActiveCfg = Debug|Any CPU
		{98BD9F63-8C8E-4777-A12A-B53056CAA6B9}.Debug|Any CPU.Build.0 = Debug|Any CPU
		{98BD9F63-8C8E-4777-A12A-B53056CAA6B9}.Release|Any CPU.ActiveCfg = Release|Any CPU
		{98BD9F63-8C8E-4777-A12A-B53056CAA6B9}.Release|Any CPU.Build.0 = Release|Any CPU
		{D3297483-ABCC-4AF7-88BA-9670DE1B638A}.Debug|Any CPU.ActiveCfg = Debug|Any CPU
		{D3297483-ABCC-4AF7-88BA-9670DE1B638A}.Debug|Any CPU.Build.0 = Debug|Any CPU
		{D3297483-ABCC-4AF7-88BA-9670DE1B638A}.Release|Any CPU.ActiveCfg = Release|Any CPU
		{D3297483-ABCC-4AF7-88BA-9670DE1B638A}.Release|Any CPU.Build.0 = Release|Any CPU
		{6191912D-988A-492E-A60C-07F115C201B7}.Debug|Any CPU.ActiveCfg = Debug|Any CPU
		{6191912D-988A-492E-A60C-07F115C201B7}.Debug|Any CPU.Build.0 = Debug|Any CPU
		{6191912D-988A-492E-A60C-07F115C201B7}.Release|Any CPU.ActiveCfg = Release|Any CPU
		{6191912D-988A-492E-A60C-07F115C201B7}.Release|Any CPU.Build.0 = Release|Any CPU
		{BDB0B879-D4AD-400F-B8C4-63E95981010B}.Debug|Any CPU.ActiveCfg = Debug|Any CPU
		{BDB0B879-D4AD-400F-B8C4-63E95981010B}.Debug|Any CPU.Build.0 = Debug|Any CPU
		{BDB0B879-D4AD-400F-B8C4-63E95981010B}.Release|Any CPU.ActiveCfg = Release|Any CPU
		{BDB0B879-D4AD-400F-B8C4-63E95981010B}.Release|Any CPU.Build.0 = Release|Any CPU
		{1CC1BD9F-6D40-42AA-97F2-937AF2AD0B70}.Debug|Any CPU.ActiveCfg = Debug|Any CPU
		{1CC1BD9F-6D40-42AA-97F2-937AF2AD0B70}.Debug|Any CPU.Build.0 = Debug|Any CPU
		{1CC1BD9F-6D40-42AA-97F2-937AF2AD0B70}.Release|Any CPU.ActiveCfg = Release|Any CPU
		{1CC1BD9F-6D40-42AA-97F2-937AF2AD0B70}.Release|Any CPU.Build.0 = Release|Any CPU
		{798EB599-36B3-4855-86D6-9ADD8EE266B5}.Debug|Any CPU.ActiveCfg = Debug|Any CPU
		{798EB599-36B3-4855-86D6-9ADD8EE266B5}.Debug|Any CPU.Build.0 = Debug|Any CPU
		{798EB599-36B3-4855-86D6-9ADD8EE266B5}.Release|Any CPU.ActiveCfg = Release|Any CPU
		{798EB599-36B3-4855-86D6-9ADD8EE266B5}.Release|Any CPU.Build.0 = Release|Any CPU
		{E81F6E69-85ED-4768-9DFF-10E0D94AE0F4}.Debug|Any CPU.ActiveCfg = Debug|Any CPU
		{E81F6E69-85ED-4768-9DFF-10E0D94AE0F4}.Debug|Any CPU.Build.0 = Debug|Any CPU
		{E81F6E69-85ED-4768-9DFF-10E0D94AE0F4}.Release|Any CPU.ActiveCfg = Release|Any CPU
		{E81F6E69-85ED-4768-9DFF-10E0D94AE0F4}.Release|Any CPU.Build.0 = Release|Any CPU
		{2453EC7F-F45C-4DAE-9417-A5F95519BCB2}.Debug|Any CPU.ActiveCfg = Debug|Any CPU
		{2453EC7F-F45C-4DAE-9417-A5F95519BCB2}.Debug|Any CPU.Build.0 = Debug|Any CPU
		{2453EC7F-F45C-4DAE-9417-A5F95519BCB2}.Release|Any CPU.ActiveCfg = Release|Any CPU
		{2453EC7F-F45C-4DAE-9417-A5F95519BCB2}.Release|Any CPU.Build.0 = Release|Any CPU
		{E47E859C-6E79-4E43-97AD-DD827B86E919}.Debug|Any CPU.ActiveCfg = Debug|Any CPU
		{E47E859C-6E79-4E43-97AD-DD827B86E919}.Debug|Any CPU.Build.0 = Debug|Any CPU
		{E47E859C-6E79-4E43-97AD-DD827B86E919}.Release|Any CPU.ActiveCfg = Release|Any CPU
		{E47E859C-6E79-4E43-97AD-DD827B86E919}.Release|Any CPU.Build.0 = Release|Any CPU
		{2218303A-AD60-4C30-BFBC-104BB877E18F}.Debug|Any CPU.ActiveCfg = Debug|Any CPU
		{2218303A-AD60-4C30-BFBC-104BB877E18F}.Debug|Any CPU.Build.0 = Debug|Any CPU
		{2218303A-AD60-4C30-BFBC-104BB877E18F}.Release|Any CPU.ActiveCfg = Release|Any CPU
		{2218303A-AD60-4C30-BFBC-104BB877E18F}.Release|Any CPU.Build.0 = Release|Any CPU
	EndGlobalSection
	GlobalSection(SolutionProperties) = preSolution
		HideSolutionNode = FALSE
	EndGlobalSection
	GlobalSection(ExtensibilityGlobals) = postSolution
		SolutionGuid = {5366D8D0-38E2-403F-BD61-0BE58A8952835}
	EndGlobalSection
EndGlobal
