{
  "version": 2,
  "dependencies": {
    "net8.0": {
      "Enigmatry.Entry.Core": {
        "type": "Direct",
        "requested": "[3.4.6-alpha.0.4, )",
        "resolved": "3.4.6-alpha.0.4",
        "contentHash": "rHCunT427JRLXBK+kXere9ZqmLjTAHWhAxQ+BL1KUJhe319kRDo8WDoQ2IvT9iNulXlpkSoQBUJS+l5Nre+zOw==",
        "dependencies": {
          "JetBrains.Annotations": "2024.2.0",
          "MediatR": "12.4.1",
          "Microsoft.Extensions.Logging.Abstractions": "8.0.2",
          "Serilog": "4.0.2",
          "System.ComponentModel.Annotations": "5.0.0"
        }
      },
      "Enigmatry.Entry.SmartEnums": {
        "type": "Direct",
        "requested": "[3.4.6-alpha.0.4, )",
        "resolved": "3.4.6-alpha.0.4",
        "contentHash": "9t9VFfAyULI4MosGgGM9LbU1LYZCmLUhKkPdNv3Awf1HAijBTeXjZNuffrBOgSahjBOFqwK9JOXoK1GhoSj60Q==",
        "dependencies": {
          "Ardalis.SmartEnum": "8.1.0",
          "Enigmatry.Entry.Core": "3.4.6-alpha.0.4",
          "JetBrains.Annotations": "2024.2.0"
        }
      },
      "Ardalis.SmartEnum": {
        "type": "Transitive",
        "resolved": "8.1.0",
        "contentHash": "+OpcDNwgfwdKEhEwq6U5lrXiBpdA3LxfZR7nTtF6vzbkXc1hKa2Uv/rHduzxwNLYrzOfR/7QUVyjWTliSS7pOA=="
      },
      "JetBrains.Annotations": {
        "type": "Transitive",
        "resolved": "2024.2.0",
        "contentHash": "GNnqCFW/163p1fOehKx0CnAqjmpPrUSqrgfHM6qca+P+RN39C9rhlfZHQpJhxmQG/dkOYe/b3Z0P8b6Kv5m1qw=="
      },
      "MediatR": {
        "type": "Transitive",
        "resolved": "12.4.1",
        "contentHash": "0tLxCgEC5+r1OCuumR3sWyiVa+BMv3AgiU4+pz8xqTc+2q1WbUEXFOr7Orm96oZ9r9FsldgUtWvB2o7b9jDOaw==",
        "dependencies": {
          "MediatR.Contracts": "[2.0.1, 3.0.0)",
          "Microsoft.Extensions.DependencyInjection.Abstractions": "8.0.0"
        }
      },
      "MediatR.Contracts": {
        "type": "Transitive",
        "resolved": "2.0.1",
        "contentHash": "FYv95bNT4UwcNA+G/J1oX5OpRiSUxteXaUt2BJbRSdRNiIUNbggJF69wy6mnk2wYToaanpdXZdCwVylt96MpwQ=="
      },
      "Microsoft.Extensions.DependencyInjection.Abstractions": {
        "type": "Transitive",
        "resolved": "8.0.2",
        "contentHash": "3iE7UF7MQkCv1cxzCahz+Y/guQbTqieyxyaWKhrRO91itI9cOKO76OHeQDahqG4MmW5umr3CcCvGmK92lWNlbg=="
      },
      "Serilog": {
        "type": "Transitive",
        "resolved": "4.0.2",
        "contentHash": "Vehq4uNYtURe/OnHEpWGvMgrvr5Vou7oZLdn3BuEH5FSCeHXDpNJtpzWoqywXsSvCTuiv0I65mZDRnJSeUvisA=="
      },
      "System.ComponentModel.Annotations": {
        "type": "Transitive",
        "resolved": "5.0.0",
        "contentHash": "dMkqfy2el8A8/I76n2Hi1oBFEbG1SfxD2l5nhwXV3XjlnOmwxJlQbYpJH4W51odnU9sARCSAgv7S3CyAFMkpYg=="
      },
      "Microsoft.Extensions.Logging.Abstractions": {
        "type": "CentralTransitive",
        "requested": "[8.0.2, )",
        "resolved": "8.0.2",
        "contentHash": "nroMDjS7hNBPtkZqVBbSiQaQjWRDxITI8Y7XnDs97rqG3EbzVTNLZQf7bIeUJcaHOV8bca47s1Uxq94+2oGdxA==",
        "dependencies": {
          "Microsoft.Extensions.DependencyInjection.Abstractions": "8.0.2"
        }
      }
    }
  }
}