{
  "version": 2,
  "dependencies": {
    "net8.0": {
      "Enigmatry.Entry.Core": {
        "type": "Direct",
        "requested": "[3.0.0-preview.14, )",
        "resolved": "3.0.0-preview.14",
        "contentHash": "CSrbfkyLUKZpMfnr/1RP2Pxa4XAzJDb5C1TuuDV82Ur650TyxDnD0H/PWW51ueZscS6rZdIU3Dc5EWninCUVZQ==",
        "dependencies": {
          "JetBrains.Annotations": "2023.3.0",
          "MediatR": "12.2.0",
          "Microsoft.Extensions.Logging.Abstractions": "8.0.0",
          "Serilog": "3.1.1",
          "System.ComponentModel.Annotations": "5.0.0"
        }
      },
      "JetBrains.Annotations": {
        "type": "Transitive",
        "resolved": "2023.3.0",
        "contentHash": "PHfnvdBUdGaTVG9bR/GEfxgTwWM0Z97Y6X3710wiljELBISipSfF5okn/vz+C2gfO+ihoEyVPjaJwn8ZalVukA=="
      },
      "MediatR": {
        "type": "Transitive",
        "resolved": "12.2.0",
        "contentHash": "8TUFrHapKi6D74PhnSNEguRsH91HNGyP3R4ZQdgDorJgl9Wac5Prh0vA33QfrniAaS6L2xNNhc6vxzg+5AIbwA==",
        "dependencies": {
          "MediatR.Contracts": "[2.0.1, 3.0.0)",
          "Microsoft.Extensions.DependencyInjection.Abstractions": "8.0.0"
        }
      },
      "MediatR.Contracts": {
        "type": "Transitive",
        "resolved": "2.0.1",
        "contentHash": "FYv95bNT4UwcNA+G/J1oX5OpRiSUxteXaUt2BJbRSdRNiIUNbggJF69wy6mnk2wYToaanpdXZdCwVylt96MpwQ=="
      },
      "Microsoft.Extensions.DependencyInjection.Abstractions": {
        "type": "Transitive",
        "resolved": "8.0.0",
        "contentHash": "cjWrLkJXK0rs4zofsK4bSdg+jhDLTaxrkXu4gS6Y7MAlCvRyNNgwY/lJi5RDlQOnSZweHqoyvgvbdvQsRIW+hg=="
      },
      "Serilog": {
        "type": "Transitive",
        "resolved": "3.1.1",
        "contentHash": "P6G4/4Kt9bT635bhuwdXlJ2SCqqn2nhh4gqFqQueCOr9bK/e7W9ll/IoX1Ter948cV2Z/5+5v8pAfJYUISY03A=="
      },
      "System.ComponentModel.Annotations": {
        "type": "Transitive",
        "resolved": "5.0.0",
        "contentHash": "dMkqfy2el8A8/I76n2Hi1oBFEbG1SfxD2l5nhwXV3XjlnOmwxJlQbYpJH4W51odnU9sARCSAgv7S3CyAFMkpYg=="
      },
      "Microsoft.Extensions.Logging.Abstractions": {
        "type": "CentralTransitive",
        "requested": "[8.0.0, )",
        "resolved": "8.0.0",
        "contentHash": "arDBqTgFCyS0EvRV7O3MZturChstm50OJ0y9bDJvAcmEPJm0FFpFyjU/JLYyStNGGey081DvnQYlncNX5SJJGA==",
        "dependencies": {
          "Microsoft.Extensions.DependencyInjection.Abstractions": "8.0.0"
        }
      }
    }
  }
}