{
  "version": 2,
  "dependencies": {
    "net9.0": {
      "Azure.Monitor.OpenTelemetry.AspNetCore": {
        "type": "Direct",
        "requested": "[1.3.0, )",
        "resolved": "1.3.0",
        "contentHash": "OMWHBFq5n5xqEE0xUSpNejipgvzjIaQTdbDLVEtV7EwuUMe3AJvkoNqO0Lkcdzv9sYk6R50PrmEfVBzAMrHhFA==",
        "dependencies": {
          "Azure.Core": "1.46.1",
          "Azure.Monitor.OpenTelemetry.Exporter": "1.4.0",
          "OpenTelemetry.Extensions.Hosting": "1.12.0",
          "OpenTelemetry.Instrumentation.AspNetCore": "1.12.0",
          "OpenTelemetry.Instrumentation.Http": "1.12.0"
        }
      },
      "Microsoft.Extensions.Http.Resilience": {
        "type": "Direct",
        "requested": "[9.10.0, )",
        "resolved": "9.10.0",
        "contentHash": "4Bt58q+Oqpj4VYm3T7hcmsb1zVhmUTNNggDkjlWBIv3bv6MVRPGqIokK2tRHsD8bM4i3GkJLRWe8lQwbsWS6PQ==",
        "dependencies": {
          "Microsoft.Extensions.Http.Diagnostics": "9.10.0",
          "Microsoft.Extensions.ObjectPool": "9.0.10",
          "Microsoft.Extensions.Resilience": "9.10.0"
        }
      },
      "Microsoft.Extensions.ServiceDiscovery": {
        "type": "Direct",
        "requested": "[9.5.2, )",
        "resolved": "9.5.2",
        "contentHash": "FLSKwOTNZPqnfAc/QYF+L6OjB32nSJlaqPJ7XT4VSyxbMq6lt8ABfPLm6Y9MfZDHOSEnWr0ydPEhPQf98y1PrQ==",
        "dependencies": {
          "Microsoft.Extensions.Configuration.Abstractions": "8.0.0",
          "Microsoft.Extensions.Configuration.Binder": "8.0.2",
          "Microsoft.Extensions.DependencyInjection.Abstractions": "8.0.2",
          "Microsoft.Extensions.Features": "8.0.20",
          "Microsoft.Extensions.Http": "8.0.1",
          "Microsoft.Extensions.Logging.Abstractions": "8.0.3",
          "Microsoft.Extensions.Options": "8.0.2",
          "Microsoft.Extensions.Primitives": "8.0.0",
          "Microsoft.Extensions.ServiceDiscovery.Abstractions": "9.5.2"
        }
      },
      "OpenTelemetry.Exporter.OpenTelemetryProtocol": {
        "type": "Direct",
        "requested": "[1.13.1, )",
        "resolved": "1.13.1",
        "contentHash": "WFqOpqMkjd8lM/asQRgfLP72UCqThQIGoylDgoYR8x0Bh9UCrdmBJCDU4pVZgI9CtSq1sWXeQuUsRXAl5U4yKg==",
        "dependencies": {
          "OpenTelemetry": "1.13.1"
        }
      },
      "OpenTelemetry.Extensions.Hosting": {
        "type": "Direct",
        "requested": "[1.13.1, )",
        "resolved": "1.13.1",
        "contentHash": "gULeizu0WH4YxnVltLO/Ml12aGxpk2Qrz3dm3MUgohQ/Y8HsGDzuAhawEP1eas6dMO61PJta1dy6KqNbVIJQyw==",
        "dependencies": {
          "Microsoft.Extensions.Hosting.Abstractions": "9.0.0",
          "OpenTelemetry": "1.13.1"
        }
      },
      "OpenTelemetry.Instrumentation.AspNetCore": {
        "type": "Direct",
        "requested": "[1.13.0, )",
        "resolved": "1.13.0",
        "contentHash": "+R2SOerMNh8/i6OJf4Q+HQUntoI6REF5FlXBiO5LzBj9MHGuuRbAIYYLcpbv/rwqWIa5RsPcZkNLo1M/41cWuQ==",
        "dependencies": {
          "OpenTelemetry.Api.ProviderBuilderExtensions": "[1.13.1, 2.0.0)"
        }
      },
      "OpenTelemetry.Instrumentation.Http": {
        "type": "Direct",
        "requested": "[1.13.0, )",
        "resolved": "1.13.0",
        "contentHash": "B+nmCn3/orrLhUuCC6WwHh9JUkIV/wubpZ+vYOf2CedjOZupgcQcx96Kwy6UVjdNDWGxsEw0jXWXZUQlYnmRqA==",
        "dependencies": {
          "Microsoft.Extensions.Configuration": "8.0.0",
          "Microsoft.Extensions.Options": "8.0.0",
          "OpenTelemetry.Api.ProviderBuilderExtensions": "[1.13.1, 2.0.0)"
        }
      },
      "OpenTelemetry.Instrumentation.Runtime": {
        "type": "Direct",
        "requested": "[1.13.0, )",
        "resolved": "1.13.0",
        "contentHash": "JwSyhx+Nw49meSfKYdc+I0YfUxBDEAGbDYm+JGLjV5w9+4p3EGGwLW7KRnEhtyKCVNtVx1G4JbfxtO+DWYp2kQ==",
        "dependencies": {
          "OpenTelemetry.Api": "[1.13.1, 2.0.0)"
        }
      },
      "OpenTelemetry.Instrumentation.SqlClient": {
        "type": "Direct",
        "requested": "[1.12.0-beta.1, )",
        "resolved": "1.12.0-beta.1",
        "contentHash": "/5u46JtNY0oepIQwsa4bXBfHF0k0ouy1ApLI48CgrqzF7tDOZ6drzUdi+4RmaI9Nj7SWFb8SjCX1UWWzC5HPwg==",
        "dependencies": {
          "Microsoft.Extensions.Configuration": "9.0.0",
          "Microsoft.Extensions.Options": "9.0.0",
          "OpenTelemetry.Api.ProviderBuilderExtensions": "[1.12.0, 2.0.0)"
        }
      },
      "Azure.Core": {
        "type": "Transitive",
        "resolved": "1.46.1",
        "contentHash": "iE5DPOlGsN5kCkF4gN+vasN1RihO0Ypie92oQ5tohQYiokmnrrhLnee+3zcE8n7vB6ZAzhPTfUGAEXX/qHGkYA==",
        "dependencies": {
          "Microsoft.Bcl.AsyncInterfaces": "8.0.0",
          "System.ClientModel": "1.4.1",
          "System.Memory.Data": "6.0.1"
        }
      },
      "Microsoft.Bcl.AsyncInterfaces": {
        "type": "Transitive",
        "resolved": "8.0.0",
        "contentHash": "3WA9q9yVqJp222P3x1wYIGDAkpjAku0TMUaaQV22g6L67AI0LdOIrVS7Ht2vJfLHGSPVuqN94vIr15qn+HEkHw=="
      },
      "Microsoft.Extensions.AmbientMetadata.Application": {
        "type": "Transitive",
        "resolved": "9.10.0",
        "contentHash": "ndm/eoOzk61Csn+ojv5z3Kt7YWAdUNR8ruFaf1b69kSbeqDPoV96f1GR1OWTIrCN9bm83V8CSkhvnnG+LrLTvg==",
        "dependencies": {
          "Microsoft.Extensions.Configuration": "9.0.10",
          "Microsoft.Extensions.Hosting.Abstractions": "9.0.10",
          "Microsoft.Extensions.Options.ConfigurationExtensions": "9.0.10"
        }
      },
      "Microsoft.Extensions.Compliance.Abstractions": {
        "type": "Transitive",
        "resolved": "9.10.0",
        "contentHash": "Tgu40iIg2Kr8s+BoOhb8r8kQfcagwm1VnpnMZA9fd/sD8Hlj13cNpyCfLRrYEBP+VmfmaoficQvRNEUqH+F4mw==",
        "dependencies": {
          "Microsoft.Extensions.DependencyInjection.Abstractions": "9.0.10",
          "Microsoft.Extensions.ObjectPool": "9.0.10"
        }
      },
      "Microsoft.Extensions.Configuration": {
        "type": "Transitive",
        "resolved": "9.0.10",
        "contentHash": "UAm3SLGAMlJdowbN+/xnh2UGJkdJoXVm4MsdhZ60dAMS8jteoyCx5WfIab5DKv0TCYpdhVecLJVUjEO3abs9UQ==",
        "dependencies": {
          "Microsoft.Extensions.Configuration.Abstractions": "9.0.10",
          "Microsoft.Extensions.Primitives": "9.0.10"
        }
      },
      "Microsoft.Extensions.Configuration.Abstractions": {
        "type": "Transitive",
        "resolved": "9.0.10",
        "contentHash": "ad3JxmFj0uxuFa1CT6oxTCC1lQ0xeRuOvzBRFT/I/ofIXVOnNsH/v2GZkAJWhlpZqKUvSexQZzp3EEAB2CdtJg==",
        "dependencies": {
          "Microsoft.Extensions.Primitives": "9.0.10"
        }
      },
      "Microsoft.Extensions.Configuration.Binder": {
        "type": "Transitive",
        "resolved": "9.0.10",
        "contentHash": "D6Kng+9I+w1SQPxJybc6wzw9nnnyUQPutycjtI0svv1RHaWOpUk9PPlwIRfhhoQZ3yihejkEI2wNv/7VnVtkGA==",
        "dependencies": {
          "Microsoft.Extensions.Configuration.Abstractions": "9.0.10"
        }
      },
      "Microsoft.Extensions.DependencyInjection.Abstractions": {
        "type": "Transitive",
        "resolved": "9.0.10",
        "contentHash": "r9waLiOPe9ZF1PvzUT+RDoHvpMmY8MW+lb4lqjYGObwKpnyPMLI3odVvlmshwuZcdoHynsGWOrCPA0hxZ63lIA=="
      },
      "Microsoft.Extensions.DependencyInjection.AutoActivation": {
        "type": "Transitive",
        "resolved": "9.10.0",
        "contentHash": "qk5+lY0MUl7Y77TjM6HzfQPOY4CqoTg281OddyDC5iU2hf+cIxhx0VbNuJH77vqB6qyCP1OsuQmCzvlpf9yxBQ==",
        "dependencies": {
          "Microsoft.Extensions.Hosting.Abstractions": "9.0.10"
        }
      },
      "Microsoft.Extensions.Diagnostics": {
        "type": "Transitive",
        "resolved": "9.0.10",
        "contentHash": "01x2vz0AbIdfNUzEVYFq2HSeq1BmrSDpiG7nTmwjfd0d39sahQ8T7dhSXhH+YnZyaLWyMBudOq0vVa/voyNWjg==",
        "dependencies": {
          "Microsoft.Extensions.Configuration": "9.0.10",
          "Microsoft.Extensions.Diagnostics.Abstractions": "9.0.10",
          "Microsoft.Extensions.Options.ConfigurationExtensions": "9.0.10"
        }
      },
      "Microsoft.Extensions.Diagnostics.Abstractions": {
        "type": "Transitive",
        "resolved": "9.0.10",
        "contentHash": "iwVnYi+gNKrr5riw8YFCoLCN4s0dmHtzfUmV99RIhrz8R4d6C/bsKzXhIhZWDIxJOhVzB+idSOQeRGj1/oMF+Q==",
        "dependencies": {
          "Microsoft.Extensions.DependencyInjection.Abstractions": "9.0.10",
          "Microsoft.Extensions.Options": "9.0.10"
        }
      },
      "Microsoft.Extensions.Diagnostics.ExceptionSummarization": {
        "type": "Transitive",
        "resolved": "9.10.0",
        "contentHash": "SRJgt408OA/+v2o47Kjx8Wf+rbCJMmTsbsnkuzVzeP9xfcn4dIoMJXLCKiRlDNzJ3pXLYrXmkyOSY81BehoVHw==",
        "dependencies": {
          "Microsoft.Extensions.DependencyInjection.Abstractions": "9.0.10"
        }
      },
      "Microsoft.Extensions.Features": {
        "type": "Transitive",
        "resolved": "8.0.20",
        "contentHash": "3YCswjRwDom5KEyCfdPfyfKxKOVXairlyjNLJ48BG1YIs6GP2RNbK36rZY7myOkW64kjAaZTXMY7ruscqasDew=="
      },
      "Microsoft.Extensions.FileProviders.Abstractions": {
        "type": "Transitive",
        "resolved": "9.0.10",
        "contentHash": "3+cLxZKUWBbpfIXLLuKcEok9C91PsV1h5xxfUsEnLSXXLNMiPDfrhpb1xajNFcejFPs9Ck/Fi3z71hYDqFBwYg==",
        "dependencies": {
          "Microsoft.Extensions.Primitives": "9.0.10"
        }
      },
      "Microsoft.Extensions.Hosting.Abstractions": {
        "type": "Transitive",
        "resolved": "9.0.10",
        "contentHash": "spfXydiEQENFwxdgr3Y57wwys/FRjfmq5VjHGPh6ct1FJK7X+qNEWYbnZJCMqq0B0oJTMvnItAReOv4mi2Idog==",
        "dependencies": {
          "Microsoft.Extensions.Configuration.Abstractions": "9.0.10",
          "Microsoft.Extensions.DependencyInjection.Abstractions": "9.0.10",
          "Microsoft.Extensions.Diagnostics.Abstractions": "9.0.10",
          "Microsoft.Extensions.FileProviders.Abstractions": "9.0.10",
          "Microsoft.Extensions.Logging.Abstractions": "9.0.10"
        }
      },
      "Microsoft.Extensions.Http": {
        "type": "Transitive",
        "resolved": "9.0.10",
        "contentHash": "Xg+P2o+fUyI38up8lpT2M/xNnSMc1M49nN42NcfJHGn5gUrpEHOg9XopcYMM6BOgglCcnYtT6PAb1aASPNA/4A==",
        "dependencies": {
          "Microsoft.Extensions.Configuration.Abstractions": "9.0.10",
          "Microsoft.Extensions.DependencyInjection.Abstractions": "9.0.10",
          "Microsoft.Extensions.Diagnostics": "9.0.10",
          "Microsoft.Extensions.Logging": "9.0.10",
          "Microsoft.Extensions.Logging.Abstractions": "9.0.10",
          "Microsoft.Extensions.Options": "9.0.10"
        }
      },
      "Microsoft.Extensions.Http.Diagnostics": {
        "type": "Transitive",
        "resolved": "9.10.0",
        "contentHash": "3IJjOPm4CRmv7zzjPV+RCyvS4kWJ9BNr1k/MWgRTQds6LcIhAgwh+ToZ8O4fKMFlme0EGLvTm27ARKqp468pQw==",
        "dependencies": {
          "Microsoft.Extensions.Http": "9.0.10",
          "Microsoft.Extensions.Telemetry": "9.10.0"
        }
      },
      "Microsoft.Extensions.Logging": {
        "type": "Transitive",
        "resolved": "9.0.10",
        "contentHash": "UBXHqE9vyptVhaFnT1R7YJKCve7TqVI10yjjUZBNGMlW2lZ4c031Slt9hxsOzWCzlpPxxIFyf1Yk4a6Iubxx7w==",
        "dependencies": {
          "Microsoft.Extensions.DependencyInjection": "9.0.10",
          "Microsoft.Extensions.Logging.Abstractions": "9.0.10",
          "Microsoft.Extensions.Options": "9.0.10"
        }
      },
      "Microsoft.Extensions.Logging.Configuration": {
        "type": "Transitive",
        "resolved": "9.0.10",
        "contentHash": "qwTRpxrmLOXZrbgQHRZ9wS2AtVa/61DFIYk8k1rBCCgA5qW0MBxxQC4BjkaI0wSoHHOv/IUXBeFNK+Y59qe/Ug==",
        "dependencies": {
          "Microsoft.Extensions.Configuration": "9.0.10",
          "Microsoft.Extensions.Configuration.Abstractions": "9.0.10",
          "Microsoft.Extensions.Configuration.Binder": "9.0.10",
          "Microsoft.Extensions.DependencyInjection.Abstractions": "9.0.10",
          "Microsoft.Extensions.Logging": "9.0.10",
          "Microsoft.Extensions.Logging.Abstractions": "9.0.10",
          "Microsoft.Extensions.Options": "9.0.10",
          "Microsoft.Extensions.Options.ConfigurationExtensions": "9.0.10"
        }
      },
      "Microsoft.Extensions.ObjectPool": {
        "type": "Transitive",
        "resolved": "9.0.10",
        "contentHash": "tw0jYoEdRp2AQMBYTkdCy0OKWcNaazaFQgo4KzdayTkX2N00g2hAacGd9mls4nBz6clP+87eeD0ucWyDrz+VKg=="
      },
      "Microsoft.Extensions.Options": {
        "type": "Transitive",
        "resolved": "9.0.10",
        "contentHash": "zMNABt8eBv0B0XrWjFy9nZNgddavaOeq3ZdaD5IlHhRH65MrU7HM+Hd8GjWE3e2VDGFPZFfSAc6XVXC17f9fOA==",
        "dependencies": {
          "Microsoft.Extensions.DependencyInjection.Abstractions": "9.0.10",
          "Microsoft.Extensions.Primitives": "9.0.10"
        }
      },
      "Microsoft.Extensions.Options.ConfigurationExtensions": {
        "type": "Transitive",
        "resolved": "9.0.10",
        "contentHash": "wLsf2TyVFFxWQPv0PRJj365it1ngIt8utlHJWSZ9OJ2k+NDa/PtBIRsGlF/NkoLwm1m+1vOePNl2MiKfk6lYfQ==",
        "dependencies": {
          "Microsoft.Extensions.Configuration.Abstractions": "9.0.10",
          "Microsoft.Extensions.Configuration.Binder": "9.0.10",
          "Microsoft.Extensions.DependencyInjection.Abstractions": "9.0.10",
          "Microsoft.Extensions.Options": "9.0.10",
          "Microsoft.Extensions.Primitives": "9.0.10"
        }
      },
      "Microsoft.Extensions.Primitives": {
        "type": "Transitive",
        "resolved": "9.0.10",
        "contentHash": "3pl8D1O5ZwMpDkZAT2uXrhQ6NipkwEgDLMFuURiHTf72TvkoMP61QYH3Vk1yrzVHnHBdNZk3cQACz8Zc7YGNhQ=="
      },
      "Microsoft.Extensions.Resilience": {
        "type": "Transitive",
        "resolved": "9.10.0",
        "contentHash": "tNptjYbHq73emZok4HBbpV41Afwoclga5LaKux8RV27lOA2lyQxeJFKNTWYQauJmWxxwXmwG7bgitbnIDh4eXA==",
        "dependencies": {
          "Microsoft.Extensions.Diagnostics": "9.0.10",
          "Microsoft.Extensions.Diagnostics.ExceptionSummarization": "9.10.0",
          "Microsoft.Extensions.Options.ConfigurationExtensions": "9.0.10",
          "Microsoft.Extensions.Telemetry.Abstractions": "9.10.0",
          "Polly.Extensions": "8.4.2",
          "Polly.RateLimiting": "8.4.2"
        }
      },
      "Microsoft.Extensions.ServiceDiscovery.Abstractions": {
        "type": "Transitive",
        "resolved": "9.5.2",
        "contentHash": "U27AscM1BabWWJpd3xkIBSCveqtdGezydjYKBw0MrxEIjbLQ1jrWsYc2aFquTscO2bEIAzUjpJhvJfP1w/kvnw==",
        "dependencies": {
          "Microsoft.Extensions.Configuration.Abstractions": "8.0.0",
          "Microsoft.Extensions.Configuration.Binder": "8.0.2",
          "Microsoft.Extensions.DependencyInjection.Abstractions": "8.0.2",
          "Microsoft.Extensions.Features": "8.0.20",
          "Microsoft.Extensions.Logging.Abstractions": "8.0.3",
          "Microsoft.Extensions.Options": "8.0.2",
          "Microsoft.Extensions.Primitives": "8.0.0"
        }
      },
      "Microsoft.Extensions.Telemetry": {
        "type": "Transitive",
        "resolved": "9.10.0",
        "contentHash": "FGEOTEjMB+1T69PLp5GrG4UOsIjcdNQcoiXpC+KV9NRejl6vSMLhVqQ6g6c+cxLXzx8xc2J90GAMhD1wPHjKHg==",
        "dependencies": {
          "Microsoft.Extensions.AmbientMetadata.Application": "9.10.0",
          "Microsoft.Extensions.DependencyInjection.AutoActivation": "9.10.0",
          "Microsoft.Extensions.Logging.Configuration": "9.0.10",
          "Microsoft.Extensions.ObjectPool": "9.0.10",
          "Microsoft.Extensions.Telemetry.Abstractions": "9.10.0"
        }
      },
      "Microsoft.Extensions.Telemetry.Abstractions": {
        "type": "Transitive",
        "resolved": "9.10.0",
        "contentHash": "hJflG5if8NqElmybxXDf38d4EPopOo9H+Qg6l5LKTsavqE4CFdA5DIPb9+jjAeL22FN+rs6KuuEIuBPS4PNXvw==",
        "dependencies": {
          "Microsoft.Extensions.Compliance.Abstractions": "9.10.0",
          "Microsoft.Extensions.Logging.Abstractions": "9.0.10",
          "Microsoft.Extensions.ObjectPool": "9.0.10",
          "Microsoft.Extensions.Options": "9.0.10"
        }
      },
      "OpenTelemetry": {
        "type": "Transitive",
        "resolved": "1.13.1",
        "contentHash": "rrM2NlZ0Xla2Ar8zzU09n+HoLFq8b+Kjx7vrmR0tdYfWLYWGNcXHOITXUiyaK8RrFEceMEoF45VBsaf4QPmKcg==",
        "dependencies": {
          "Microsoft.Extensions.Diagnostics.Abstractions": "9.0.0",
          "Microsoft.Extensions.Logging.Configuration": "9.0.0",
          "OpenTelemetry.Api.ProviderBuilderExtensions": "1.13.1"
        }
      },
      "OpenTelemetry.Api": {
        "type": "Transitive",
        "resolved": "1.13.1",
        "contentHash": "tieglRERo7Rgu8oE8aamnuXCMPEW5fXIqO5ngTMCNk9pOEXanc0SdQ86ZAD1goNiGcjWHn+P3WMZp0FZSJgCoQ==",
        "dependencies": {
          "System.Diagnostics.DiagnosticSource": "9.0.0"
        }
      },
      "OpenTelemetry.Api.ProviderBuilderExtensions": {
        "type": "Transitive",
        "resolved": "1.13.1",
        "contentHash": "x8QXMsrIyp+XzDUFQAM+C4upAPNbwaBIPjTWEoonziWAav6weS8OxsMKrE4wz7Zly8ATlsoxk0mWZ+PHO3Wg0w==",
        "dependencies": {
          "Microsoft.Extensions.DependencyInjection.Abstractions": "9.0.0",
          "OpenTelemetry.Api": "1.13.1"
        }
      },
      "OpenTelemetry.PersistentStorage.Abstractions": {
        "type": "Transitive",
        "resolved": "1.0.1",
        "contentHash": "LfXI2EoO7t2ku3hN6rIcUgqrdmNxKPG4pkgVa7Cakb9rlkmHYcqzMavLU5vy+G/txT+ZmLW9Z7TlptTqnrGEXg=="
      },
      "OpenTelemetry.PersistentStorage.FileSystem": {
        "type": "Transitive",
        "resolved": "1.0.1",
        "contentHash": "RR1UziU+PYWYe+cwGZtSpdF43zv60GPP+WU0epR8xzZuA5FoxceCa+tYTh8iDqTYvy6F+jUzRe74dg/YAZ437Q==",
        "dependencies": {
          "OpenTelemetry.PersistentStorage.Abstractions": "1.0.1"
        }
      },
      "Polly.Core": {
        "type": "Transitive",
        "resolved": "8.4.2",
        "contentHash": "BpE2I6HBYYA5tF0Vn4eoQOGYTYIK1BlF5EXVgkWGn3mqUUjbXAr13J6fZVbp7Q3epRR8yshacBMlsHMhpOiV3g=="
      },
      "Polly.Extensions": {
        "type": "Transitive",
        "resolved": "8.4.2",
        "contentHash": "GZ9vRVmR0jV2JtZavt+pGUsQ1O1cuRKG7R7VOZI6ZDy9y6RNPvRvXK1tuS4ffUrv8L0FTea59oEuQzgS0R7zSA==",
        "dependencies": {
          "Microsoft.Extensions.Logging.Abstractions": "8.0.0",
          "Microsoft.Extensions.Options": "8.0.0",
          "Polly.Core": "8.4.2"
        }
      },
      "Polly.RateLimiting": {
        "type": "Transitive",
        "resolved": "8.4.2",
        "contentHash": "ehTImQ/eUyO07VYW2WvwSmU9rRH200SKJ/3jku9rOkyWE0A2JxNFmAVms8dSn49QLSjmjFRRSgfNyOgr/2PSmA==",
        "dependencies": {
          "Polly.Core": "8.4.2",
          "System.Threading.RateLimiting": "8.0.0"
        }
      },
      "System.ClientModel": {
        "type": "Transitive",
        "resolved": "1.4.1",
        "contentHash": "MY7eFGKp+Hu7Ciub8wigQ0odGrkml4eTjUy8d5Bu2eGAVvm8Qskkq+YuXiiS5wMJGq7iSvqseV4skd5WxTUdDA==",
        "dependencies": {
          "Microsoft.Extensions.Logging.Abstractions": "8.0.3",
          "System.Memory.Data": "6.0.1"
        }
      },
      "System.Diagnostics.DiagnosticSource": {
        "type": "Transitive",
        "resolved": "9.0.0",
        "contentHash": "ddppcFpnbohLWdYKr/ZeLZHmmI+DXFgZ3Snq+/E7SwcdW4UnvxmaugkwGywvGVWkHPGCSZjCP+MLzu23AL5SDw=="
      },
      "System.Memory.Data": {
        "type": "Transitive",
        "resolved": "6.0.1",
        "contentHash": "yliDgLh9S9Mcy5hBIdZmX6yphYIW3NH+3HN1kV1m7V1e0s7LNTw/tHNjJP4U9nSMEgl3w1TzYv/KA1Tg9NYy6w=="
      },
      "System.Threading.RateLimiting": {
        "type": "Transitive",
        "resolved": "8.0.0",
        "contentHash": "7mu9v0QDv66ar3DpGSZHg9NuNcxDaaAcnMULuZlaTpP9+hwXhrxNGsF5GmLkSHxFdb5bBc1TzeujsRgTrPWi+Q=="
      },
      "Azure.Monitor.OpenTelemetry.Exporter": {
        "type": "CentralTransitive",
        "requested": "[1.4.0, )",
        "resolved": "1.4.0",
        "contentHash": "oG4JO4uvtTibh83syZFgBCbWyKbbhrmGyyFnmzUMO7tmgrRdSdD4PHe8+TKdPZ7hNAVjySuColO6aJzbncZ02w==",
        "dependencies": {
          "Azure.Core": "1.46.0",
          "OpenTelemetry": "1.12.0",
          "OpenTelemetry.Extensions.Hosting": "1.12.0",
          "OpenTelemetry.PersistentStorage.FileSystem": "1.0.1"
        }
      },
      "Microsoft.Extensions.DependencyInjection": {
        "type": "CentralTransitive",
        "requested": "[9.0.10, )",
        "resolved": "9.0.10",
        "contentHash": "iEtXCkNd5XhjNJAOb/wO4IhDRdLIE2CsPxZggZQWJ/q2+sa8dmEPC393nnsiqdH8/4KV8Xn25IzgKPR1UEQ0og==",
        "dependencies": {
          "Microsoft.Extensions.DependencyInjection.Abstractions": "9.0.10"
        }
      },
      "Microsoft.Extensions.Logging.Abstractions": {
        "type": "CentralTransitive",
        "requested": "[9.0.10, )",
        "resolved": "9.0.10",
        "contentHash": "MFUPv/nN1rAQ19w43smm6bbf0JDYN/1HEPHoiMYY50pvDMFpglzWAuoTavByDmZq7UuhjaxwrET3joU69ZHoHQ==",
        "dependencies": {
          "Microsoft.Extensions.DependencyInjection.Abstractions": "9.0.10"
        }
      }
    }
  }
}