{
  "version": 1,
  "dependencies": {
    "net8.0": {
      "Enigmatry.Entry.Core": {
        "type": "Direct",
        "requested": "(, )",
        "resolved": "1.1.365",
        "contentHash": "Kr2wLpa4tuYNaes4MrFHEuYYd1mGtoblpICW3wzwbIWnZRajFtEUdHjc0GWCc7/OZhfoo0KPaN1j90+nv4ztsQ==",
        "dependencies": {
          "JetBrains.Annotations": "2022.1.0",
          "MediatR": "10.0.1",
          "Microsoft.Extensions.Logging.Abstractions": "6.0.1",
          "Serilog": "2.11.0",
          "System.ComponentModel.Annotations": "5.0.0"
        }
      },
      "Enigmatry.Entry.Core.EntityFramework": {
        "type": "Direct",
        "requested": "(, )",
        "resolved": "1.1.365",
        "contentHash": "zuRhVYRTt4i/Wst65vw+kK5nQCGQoPHVC1kF6zPeKuvD+K//q3Ouvv2TH2S8Psb6iFZ3qAKQS31bvsEQOVPEOw==",
        "dependencies": {
          "AutoMapper": "11.0.1",
          "Enigmatry.Entry.Core": "1.1.365",
          "Microsoft.EntityFrameworkCore": "6.0.8",
          "System.Linq.Dynamic.Core": "1.2.19"
        }
      },
      "FluentValidation": {
        "type": "Direct",
        "requested": "(, )",
        "resolved": "1.3.0",
        "contentHash": "MOJrooRXbKmOxMSr+hYJJIUMDZ/ZWgZkNaQdanr8zI8IXE+LGriola3tYgEuGQvndfQQVZHH9FCa62BauxqULA=="
      },
      "Ardalis.SmartEnum": {
        "type": "Transitive",
        "resolved": "8.0.0",
        "contentHash": "qGIfpKhSQeLouycBLosGD4qFqgPa5NKzzkH/59oSHyfs3FSbaO6JChpNEMnkslOyQRLbRXj2ImkA0uZdX19IZA==",
        "dependencies": {
          "System.ComponentModel.Annotations": "5.0.0"
        }
      },
      "AutoMapper": {
        "type": "Transitive",
        "resolved": "11.0.1",
        "contentHash": "WIadGC1pIwbnyTubvI577p3F++Bsj9q2Q3OaAc1I0QS+JhupN1xkdrPBhI9bPIeg63zM81tZplUNYkqU1HE5jQ==",
        "dependencies": {
          "Microsoft.CSharp": "4.7.0"
        }
      },
      "Enigmatry.Entry.SmartEnums": {
        "type": "Transitive",
        "resolved": "3.3.2",
        "contentHash": "X6v67Ra6yQgGPp09gPnsf/YvTOrK4nC69ptgjnf0rB8WoocrhK90cSIMg/KLcxKJ16qGivAXYUoRCuFHwbObNg==",
        "dependencies": {
          "Ardalis.SmartEnum": "8.0.0",
          "Enigmatry.Entry.Core": "3.3.2",
          "JetBrains.Annotations": "2023.3.0"
        }
      },
      "JetBrains.Annotations": {
        "type": "Transitive",
        "resolved": "2023.3.0",
        "contentHash": "PHfnvdBUdGaTVG9bR/GEfxgTwWM0Z97Y6X3710wiljELBISipSfF5okn/vz+C2gfO+ihoEyVPjaJwn8ZalVukA=="
      },
      "MediatR": {
        "type": "Transitive",
        "resolved": "10.0.1",
        "contentHash": "vnjbk4giDJzJelh34Ygt0eorApCKrRFB7j0pauFPY1oxfO3cEZ7FugBrIOjCM76SDGTOmPFfbfmVnz1t3iFrGA==",
        "dependencies": {
          "MediatR.Contracts": "1.0.1"
        }
      },
      "MediatR.Contracts": {
        "type": "Transitive",
        "resolved": "1.0.1",
        "contentHash": "NsRvOxthhkYml4DcBMyJsmym8C4MchioH7wxKVPEg7plFj9Euh/i4IcmZ3Gvgx6+K8obeuhPeJdoBl56wnuo3A=="
      },
      "Microsoft.CSharp": {
        "type": "Transitive",
        "resolved": "4.7.0",
        "contentHash": "pTj+D3uJWyN3My70i2Hqo+OXixq3Os2D1nJ2x92FFo6sk8fYS1m1WLNTs0Dc1uPaViH0YvEEwvzddQ7y4rhXmA=="
      },
      "Microsoft.EntityFrameworkCore": {
        "type": "Transitive",
        "resolved": "6.0.8",
        "contentHash": "BDtUZEMjptfhldCvmaDYobVThQvgtcXEmVSGQGmpXDRYaxXuNb6CALJDG0+kTqHaqR+DgbjCKQc7ryi5dB3FGA==",
        "dependencies": {
          "Microsoft.EntityFrameworkCore.Abstractions": "6.0.8",
          "Microsoft.EntityFrameworkCore.Analyzers": "6.0.8",
          "Microsoft.Extensions.Caching.Memory": "6.0.1",
          "Microsoft.Extensions.DependencyInjection": "6.0.0",
          "Microsoft.Extensions.Logging": "6.0.0",
          "System.Collections.Immutable": "6.0.0",
          "System.Diagnostics.DiagnosticSource": "6.0.0"
        }
      },
      "Microsoft.EntityFrameworkCore.Abstractions": {
        "type": "Transitive",
        "resolved": "6.0.8",
        "contentHash": "mZwjzgw9wGc8JPFUwKHe+8OW4gCi1v3jYhe9AhUU4+NW439rN3RnkFlZJ8WBq/yhRbXD3cYers4e+gprOBokew=="
      },
      "Microsoft.EntityFrameworkCore.Analyzers": {
        "type": "Transitive",
        "resolved": "6.0.8",
        "contentHash": "gUdJEXpS60IGOlGELDsToGQj4cDr1uqlmlet0drUHUoHGE6O+z9oJlOekZQH7gVnaFDmaoO5HIdCT2KgRdXwPw=="
      },
      "Microsoft.Extensions.Caching.Abstractions": {
        "type": "Transitive",
        "resolved": "6.0.0",
        "contentHash": "bcz5sSFJbganH0+YrfvIjJDIcKNW7TL07C4d1eTmXy/wOt52iz4LVogJb6pazs7W0+74j0YpXFErvp++Aq5Bsw==",
        "dependencies": {
          "Microsoft.Extensions.Primitives": "6.0.0"
        }
      },
      "Microsoft.Extensions.Caching.Memory": {
        "type": "Transitive",
        "resolved": "6.0.1",
        "contentHash": "B4y+Cev05eMcjf1na0v9gza6GUtahXbtY1JCypIgx3B4Ea/KAgsWyXEmW4q6zMbmTMtKzmPVk09rvFJirvMwTg==",
        "dependencies": {
          "Microsoft.Extensions.Caching.Abstractions": "6.0.0",
          "Microsoft.Extensions.DependencyInjection.Abstractions": "6.0.0",
          "Microsoft.Extensions.Logging.Abstractions": "6.0.0",
          "Microsoft.Extensions.Options": "6.0.0",
          "Microsoft.Extensions.Primitives": "6.0.0"
        }
      },
      "Microsoft.Extensions.DependencyInjection": {
        "type": "Transitive",
        "resolved": "6.0.0",
        "contentHash": "k6PWQMuoBDGGHOQTtyois2u4AwyVcIwL2LaSLlTZQm2CYcJ1pxbt6jfAnpWmzENA/wfrYRI/X9DTLoUkE4AsLw==",
        "dependencies": {
          "Microsoft.Extensions.DependencyInjection.Abstractions": "6.0.0",
          "System.Runtime.CompilerServices.Unsafe": "6.0.0"
        }
      },
      "Microsoft.Extensions.DependencyInjection.Abstractions": {
        "type": "Transitive",
        "resolved": "6.0.0",
        "contentHash": "xlzi2IYREJH3/m6+lUrQlujzX8wDitm4QGnUu6kUXTQAWPuZY8i+ticFJbzfqaetLA6KR/rO6Ew/HuYD+bxifg=="
      },
      "Microsoft.Extensions.Logging": {
        "type": "Transitive",
        "resolved": "6.0.0",
        "contentHash": "eIbyj40QDg1NDz0HBW0S5f3wrLVnKWnDJ/JtZ+yJDFnDj90VoPuoPmFkeaXrtu+0cKm5GRAwoDf+dBWXK0TUdg==",
        "dependencies": {
          "Microsoft.Extensions.DependencyInjection": "6.0.0",
          "Microsoft.Extensions.DependencyInjection.Abstractions": "6.0.0",
          "Microsoft.Extensions.Logging.Abstractions": "6.0.0",
          "Microsoft.Extensions.Options": "6.0.0",
          "System.Diagnostics.DiagnosticSource": "6.0.0"
        }
      },
      "Microsoft.Extensions.Logging.Abstractions": {
        "type": "Transitive",
        "resolved": "6.0.1",
        "contentHash": "dzB2Cgg+JmrouhjkcQGzSFjjvpwlq353i8oBQO2GWNjCXSzhbtBRUf28HSauWe7eib3wYOdb3tItdjRwAdwCSg=="
      },
      "Microsoft.Extensions.Options": {
        "type": "Transitive",
        "resolved": "6.0.0",
        "contentHash": "dzXN0+V1AyjOe2xcJ86Qbo233KHuLEY0njf/P2Kw8SfJU+d45HNS2ctJdnEnrWbM9Ye2eFgaC5Mj9otRMU6IsQ==",
        "dependencies": {
          "Microsoft.Extensions.DependencyInjection.Abstractions": "6.0.0",
          "Microsoft.Extensions.Primitives": "6.0.0"
        }
      },
      "Microsoft.Extensions.Primitives": {
        "type": "Transitive",
        "resolved": "6.0.0",
        "contentHash": "9+PnzmQFfEFNR9J2aDTfJGGupShHjOuGw4VUv+JB044biSHrnmCIMD+mJHmb2H7YryrfBEXDurxQ47gJZdCKNQ==",
        "dependencies": {
          "System.Runtime.CompilerServices.Unsafe": "6.0.0"
        }
      },
      "Serilog": {
        "type": "Transitive",
        "resolved": "2.11.0",
        "contentHash": "ysv+hBzTul6Dp+Hvm10FlhJO3yMQcFKSAleus+LpiIzvNstpeV4Z7gGuIZ1OPNfIMulSHOjmLuGAEDKzpnV8ZQ=="
      },
      "System.Collections.Immutable": {
        "type": "Transitive",
        "resolved": "6.0.0",
        "contentHash": "l4zZJ1WU2hqpQQHXz1rvC3etVZN+2DLmQMO79FhOTZHMn8tDRr+WU287sbomD0BETlmKDn0ygUgVy9k5xkkJdA==",
        "dependencies": {
          "System.Runtime.CompilerServices.Unsafe": "6.0.0"
        }
      },
      "System.ComponentModel.Annotations": {
        "type": "Transitive",
        "resolved": "5.0.0",
        "contentHash": "dMkqfy2el8A8/I76n2Hi1oBFEbG1SfxD2l5nhwXV3XjlnOmwxJlQbYpJH4W51odnU9sARCSAgv7S3CyAFMkpYg=="
      },
      "System.Diagnostics.DiagnosticSource": {
        "type": "Transitive",
        "resolved": "6.0.0",
        "contentHash": "frQDfv0rl209cKm1lnwTgFPzNigy2EKk1BS3uAvHvlBVKe5cymGyHO+Sj+NLv5VF/AhHsqPIUUwya5oV4CHMUw==",
        "dependencies": {
          "System.Runtime.CompilerServices.Unsafe": "6.0.0"
        }
      },
      "System.Linq.Dynamic.Core": {
        "type": "Transitive",
        "resolved": "1.2.19",
        "contentHash": "R9Iv6uDZQLDecHhBANawccBzm5H6lHTKL65zPfulHBBpeT7NktzLcxA0MfffWsTjCzSo106Vy5QtkwXnlfekJQ=="
      },
      "System.Runtime.CompilerServices.Unsafe": {
        "type": "Transitive",
        "resolved": "6.0.0",
        "contentHash": "/iUeP3tq1S0XdNNoMz5C9twLSrM/TH+qElHkXWaPvuNOt+99G75NrV0OS2EqHx5wMN7popYjpc8oTjC1y16DLg=="
      },
      "enigmatry.entry.blueprint.core": {
        "type": "Project",
        "dependencies": {
          "Enigmatry.Entry.Core": "(, )",
          "Enigmatry.Entry.SmartEnums": "(, )"
        }
      }
    }
  }
}