{
  "version": 1,
  "dependencies": {
    "net8.0": {
      "Microsoft.EntityFrameworkCore": {
        "type": "Direct",
        "requested": "(, )",
        "resolved": "1.0.0",
        "contentHash": "Vqg/v0cXRQZQH0gY3VHHqt0Bt5WZEkDReVpI1sNYKHVbVtnMYFKPp5SiNygosUJYrJk1rSGb8UVkplDNNUkEgg==",
        "dependencies": {
          "Microsoft.Extensions.Caching.Memory": "1.0.0",
          "Microsoft.Extensions.DependencyInjection": "1.0.0",
          "Microsoft.Extensions.Logging": "1.0.0",
          "Remotion.Linq": "2.1.1",
          "System.Collections.Concurrent": "4.0.12",
          "System.Collections.Immutable": "1.2.0",
          "System.ComponentModel.Annotations": "4.1.0",
          "System.Interactive.Async": "3.0.0",
          "System.Linq.Queryable": "4.0.1",
          "System.ObjectModel": "4.0.12",
          "System.Reflection.Extensions": "4.0.1",
          "System.Reflection.TypeExtensions": "4.1.0"
        }
      },
      "Microsoft.EntityFrameworkCore.Relational": {
        "type": "Direct",
        "requested": "(, )",
        "resolved": "1.0.0",
        "contentHash": "LGBab+7o0eq4C3YtvkAxK8W7Ia57eO0Ue0viQgt0STptQ2bUpLzV7q5LfbNl475rt6yTWa/vDQlYVaI64fwqdw==",
        "dependencies": {
          "Microsoft.CSharp": "4.0.1",
          "Microsoft.EntityFrameworkCore": "1.0.0",
          "System.Data.Common": "4.1.0",
          "System.Diagnostics.DiagnosticSource": "4.0.0",
          "System.Text.RegularExpressions": "4.1.0"
        }
      },
      "Microsoft.Extensions.Logging.Abstractions": {
        "type": "Direct",
        "requested": "(, )",
        "resolved": "1.0.0",
        "contentHash": "wHT6oY50q36mAXBRKtFaB7u07WxKC5u2M8fi3PqHOOnHyUo9gD0u1TlCNR8UObHQxKMYwqlgI8TLcErpt29n8A==",
        "dependencies": {
          "System.Collections": "4.0.11",
          "System.Collections.Concurrent": "4.0.12",
          "System.Diagnostics.Debug": "4.0.11",
          "System.Globalization": "4.0.11",
          "System.Linq": "4.1.0",
          "System.Reflection": "4.1.0",
          "System.Resources.ResourceManager": "4.0.1",
          "System.Runtime.Extensions": "4.1.0",
          "System.Runtime.InteropServices": "4.1.0"
        }
      },
      "Ardalis.SmartEnum": {
        "type": "Transitive",
        "resolved": "8.0.0",
        "contentHash": "qGIfpKhSQeLouycBLosGD4qFqgPa5NKzzkH/59oSHyfs3FSbaO6JChpNEMnkslOyQRLbRXj2ImkA0uZdX19IZA==",
        "dependencies": {
          "System.ComponentModel.Annotations": "5.0.0"
        }
      },
      "AutoMapper": {
        "type": "Transitive",
        "resolved": "11.0.1",
        "contentHash": "WIadGC1pIwbnyTubvI577p3F++Bsj9q2Q3OaAc1I0QS+JhupN1xkdrPBhI9bPIeg63zM81tZplUNYkqU1HE5jQ==",
        "dependencies": {
          "Microsoft.CSharp": "4.7.0"
        }
      },
      "Enigmatry.Entry.Core": {
        "type": "Transitive",
        "resolved": "1.1.365",
        "contentHash": "Kr2wLpa4tuYNaes4MrFHEuYYd1mGtoblpICW3wzwbIWnZRajFtEUdHjc0GWCc7/OZhfoo0KPaN1j90+nv4ztsQ==",
        "dependencies": {
          "JetBrains.Annotations": "2022.1.0",
          "MediatR": "10.0.1",
          "Microsoft.Extensions.Logging.Abstractions": "6.0.1",
          "Serilog": "2.11.0",
          "System.ComponentModel.Annotations": "5.0.0"
        }
      },
      "Enigmatry.Entry.Core.EntityFramework": {
        "type": "Transitive",
        "resolved": "1.1.365",
        "contentHash": "zuRhVYRTt4i/Wst65vw+kK5nQCGQoPHVC1kF6zPeKuvD+K//q3Ouvv2TH2S8Psb6iFZ3qAKQS31bvsEQOVPEOw==",
        "dependencies": {
          "AutoMapper": "11.0.1",
          "Enigmatry.Entry.Core": "1.1.365",
          "Microsoft.EntityFrameworkCore": "6.0.8",
          "System.Linq.Dynamic.Core": "1.2.19"
        }
      },
      "Enigmatry.Entry.SmartEnums": {
        "type": "Transitive",
        "resolved": "3.3.2",
        "contentHash": "X6v67Ra6yQgGPp09gPnsf/YvTOrK4nC69ptgjnf0rB8WoocrhK90cSIMg/KLcxKJ16qGivAXYUoRCuFHwbObNg==",
        "dependencies": {
          "Ardalis.SmartEnum": "8.0.0",
          "Enigmatry.Entry.Core": "3.3.2",
          "JetBrains.Annotations": "2023.3.0"
        }
      },
      "FluentValidation": {
        "type": "Transitive",
        "resolved": "1.3.0",
        "contentHash": "MOJrooRXbKmOxMSr+hYJJIUMDZ/ZWgZkNaQdanr8zI8IXE+LGriola3tYgEuGQvndfQQVZHH9FCa62BauxqULA=="
      },
      "JetBrains.Annotations": {
        "type": "Transitive",
        "resolved": "2023.3.0",
        "contentHash": "PHfnvdBUdGaTVG9bR/GEfxgTwWM0Z97Y6X3710wiljELBISipSfF5okn/vz+C2gfO+ihoEyVPjaJwn8ZalVukA=="
      },
      "MediatR": {
        "type": "Transitive",
        "resolved": "10.0.1",
        "contentHash": "vnjbk4giDJzJelh34Ygt0eorApCKrRFB7j0pauFPY1oxfO3cEZ7FugBrIOjCM76SDGTOmPFfbfmVnz1t3iFrGA==",
        "dependencies": {
          "MediatR.Contracts": "1.0.1"
        }
      },
      "MediatR.Contracts": {
        "type": "Transitive",
        "resolved": "1.0.1",
        "contentHash": "NsRvOxthhkYml4DcBMyJsmym8C4MchioH7wxKVPEg7plFj9Euh/i4IcmZ3Gvgx6+K8obeuhPeJdoBl56wnuo3A=="
      },
      "Microsoft.CSharp": {
        "type": "Transitive",
        "resolved": "4.7.0",
        "contentHash": "pTj+D3uJWyN3My70i2Hqo+OXixq3Os2D1nJ2x92FFo6sk8fYS1m1WLNTs0Dc1uPaViH0YvEEwvzddQ7y4rhXmA=="
      },
      "Microsoft.Extensions.Caching.Abstractions": {
        "type": "Transitive",
        "resolved": "1.0.0",
        "contentHash": "IxlFDVOchL6tdR05bk7EiJvMtvZrVkZXBhkbXqc3GxOHOrHFGcN+92WoWFPeBpdpy8ot/Px5ZdXzt7k+2n1Bdg==",
        "dependencies": {
          "Microsoft.Extensions.Primitives": "1.0.0",
          "System.Collections": "4.0.11",
          "System.Threading": "4.0.11",
          "System.Threading.Tasks": "4.0.11"
        }
      },
      "Microsoft.Extensions.Caching.Memory": {
        "type": "Transitive",
        "resolved": "1.0.0",
        "contentHash": "6+7zTufCnZ+tfrUo7RbIRR3LB0BxwOwxfXuo0IbLyIvgoToGpWuz5wYEDfCYNOvpig9tY8FA0I1uRHYmITMXMQ==",
        "dependencies": {
          "Microsoft.Extensions.Caching.Abstractions": "1.0.0",
          "Microsoft.Extensions.DependencyInjection.Abstractions": "1.0.0",
          "Microsoft.Extensions.Options": "1.0.0",
          "System.Linq": "4.1.0",
          "System.Threading": "4.0.11"
        }
      },
      "Microsoft.Extensions.DependencyInjection": {
        "type": "Transitive",
        "resolved": "1.0.0",
        "contentHash": "zdtkiZNV6LB8xtpmfyUjP/9N9ZCL/ydQ+0bfjun38fbrk+MDEm9M2yeLzRdq+OIt5xExw/KU04wFaVwJ1bhQPg==",
        "dependencies": {
          "Microsoft.Extensions.DependencyInjection.Abstractions": "1.0.0",
          "System.Collections": "4.0.11",
          "System.Collections.Concurrent": "4.0.12",
          "System.Runtime.Extensions": "4.1.0",
          "System.Threading": "4.0.11",
          "System.Threading.Tasks": "4.0.11"
        }
      },
      "Microsoft.Extensions.DependencyInjection.Abstractions": {
        "type": "Transitive",
        "resolved": "1.0.0",
        "contentHash": "+XwaNo3o9RhLQhUnnOBCaukeRi1X9yYc0Fzye9RlErSflKZdw0VgHtn6rvKo0FTionsW0x8QVULhKH+nkqVjQA==",
        "dependencies": {
          "System.ComponentModel": "4.0.1",
          "System.Diagnostics.Debug": "4.0.11",
          "System.Globalization": "4.0.11",
          "System.Linq": "4.1.0",
          "System.Linq.Expressions": "4.1.0",
          "System.Reflection": "4.1.0",
          "System.Resources.ResourceManager": "4.0.1"
        }
      },
      "Microsoft.Extensions.Logging": {
        "type": "Transitive",
        "resolved": "1.0.0",
        "contentHash": "0mDuASVrd/nMeBYIJSK+9lT3TSmWxUXP/ipVB1pF1ApMN5fqGCckPTNwmOfT4Z9wPkXGnhbwFTGrxZvbzTWxOg==",
        "dependencies": {
          "Microsoft.Extensions.DependencyInjection.Abstractions": "1.0.0",
          "Microsoft.Extensions.Logging.Abstractions": "1.0.0",
          "System.Threading": "4.0.11"
        }
      },
      "Microsoft.Extensions.Options": {
        "type": "Transitive",
        "resolved": "1.0.0",
        "contentHash": "SdP3yPKF++JTkoa91pBDiE70uQkR/gdXWzOnMPbSj+eOqY1vgY+b8RVl+gh7TrJ2wlCK2QqnQtvCQlPPZRK36w==",
        "dependencies": {
          "Microsoft.Extensions.DependencyInjection.Abstractions": "1.0.0",
          "Microsoft.Extensions.Primitives": "1.0.0",
          "System.ComponentModel": "4.0.1",
          "System.Diagnostics.Debug": "4.0.11",
          "System.Globalization": "4.0.11",
          "System.Linq": "4.1.0",
          "System.Linq.Expressions": "4.1.0",
          "System.Reflection": "4.1.0",
          "System.Resources.ResourceManager": "4.0.1",
          "System.Runtime.Extensions": "4.1.0",
          "System.Threading": "4.0.11"
        }
      },
      "Microsoft.Extensions.Primitives": {
        "type": "Transitive",
        "resolved": "1.0.0",
        "contentHash": "3q2vzfKEDjL6JFkRpk5SFA3zarYsO6+ZYgoucNImrUMzDn0mFbEOL5p9oPoWiypwypbJVVjWTf557bXZ0YFLig==",
        "dependencies": {
          "System.Resources.ResourceManager": "4.0.1",
          "System.Runtime": "4.1.0"
        }
      },
      "Microsoft.NETCore.Platforms": {
        "type": "Transitive",
        "resolved": "1.0.1",
        "contentHash": "2G6OjjJzwBfNOO8myRV/nFrbTw5iA+DEm0N+qUqhrOmaVtn4pC77h38I1jsXGw5VH55+dPfQsqHD0We9sCl9FQ=="
      },
      "Microsoft.NETCore.Targets": {
        "type": "Transitive",
        "resolved": "1.0.1",
        "contentHash": "rkn+fKobF/cbWfnnfBOQHKVKIOpxMZBvlSHkqDWgBpwGDcLRduvs3D9OLGeV6GWGvVwNlVi2CBbTjuPmtHvyNw=="
      },
      "Remotion.Linq": {
        "type": "Transitive",
        "resolved": "2.1.1",
        "contentHash": "IJn0BqkvwEDpP+2qjvci7n4/a9f7DhKESLWb2/uG4xQh3rTkGTBUz69bI4IivCoKkTFAqjXxYDZw2K/npohjsw==",
        "dependencies": {
          "System.Collections": "4.0.11",
          "System.Diagnostics.Debug": "4.0.11",
          "System.Linq": "4.1.0",
          "System.Linq.Expressions": "4.1.0",
          "System.Linq.Queryable": "4.0.1",
          "System.ObjectModel": "4.0.12",
          "System.Reflection": "4.1.0",
          "System.Reflection.Extensions": "4.0.1",
          "System.Runtime": "4.1.0",
          "System.Runtime.Extensions": "4.1.0",
          "System.Threading": "4.0.11"
        }
      },
      "Serilog": {
        "type": "Transitive",
        "resolved": "2.11.0",
        "contentHash": "ysv+hBzTul6Dp+Hvm10FlhJO3yMQcFKSAleus+LpiIzvNstpeV4Z7gGuIZ1OPNfIMulSHOjmLuGAEDKzpnV8ZQ=="
      },
      "System.Collections": {
        "type": "Transitive",
        "resolved": "4.0.11",
        "contentHash": "YUJGz6eFKqS0V//mLt25vFGrrCvOnsXjlvFQs+KimpwNxug9x0Pzy4PlFMU3Q2IzqAa9G2L4LsK3+9vCBK7oTg==",
        "dependencies": {
          "Microsoft.NETCore.Platforms": "1.0.1",
          "Microsoft.NETCore.Targets": "1.0.1",
          "System.Runtime": "4.1.0"
        }
      },
      "System.Collections.Concurrent": {
        "type": "Transitive",
        "resolved": "4.0.12",
        "contentHash": "2gBcbb3drMLgxlI0fBfxMA31ec6AEyYCHygGse4vxceJan8mRIWeKJ24BFzN7+bi/NFTgdIgufzb94LWO5EERQ==",
        "dependencies": {
          "System.Collections": "4.0.11",
          "System.Diagnostics.Debug": "4.0.11",
          "System.Diagnostics.Tracing": "4.1.0",
          "System.Globalization": "4.0.11",
          "System.Reflection": "4.1.0",
          "System.Resources.ResourceManager": "4.0.1",
          "System.Runtime": "4.1.0",
          "System.Runtime.Extensions": "4.1.0",
          "System.Threading": "4.0.11",
          "System.Threading.Tasks": "4.0.11"
        }
      },
      "System.Collections.Immutable": {
        "type": "Transitive",
        "resolved": "1.2.0",
        "contentHash": "Cma8cBW6di16ZLibL8LYQ+cLjGzoKxpOTu/faZfDcx94ZjAGq6Nv5RO7+T1YZXqEXTZP9rt1wLVEONVpURtUqw==",
        "dependencies": {
          "System.Collections": "4.0.11",
          "System.Diagnostics.Debug": "4.0.11",
          "System.Globalization": "4.0.11",
          "System.Linq": "4.1.0",
          "System.Resources.ResourceManager": "4.0.1",
          "System.Runtime": "4.1.0",
          "System.Runtime.Extensions": "4.1.0",
          "System.Threading": "4.0.11"
        }
      },
      "System.ComponentModel": {
        "type": "Transitive",
        "resolved": "4.0.1",
        "contentHash": "oBZFnm7seFiVfugsIyOvQCWobNZs7FzqDV/B7tx20Ep/l3UUFCPDkdTnCNaJZTU27zjeODmy2C/cP60u3D4c9w==",
        "dependencies": {
          "System.Runtime": "4.1.0"
        }
      },
      "System.ComponentModel.Annotations": {
        "type": "Transitive",
        "resolved": "5.0.0",
        "contentHash": "dMkqfy2el8A8/I76n2Hi1oBFEbG1SfxD2l5nhwXV3XjlnOmwxJlQbYpJH4W51odnU9sARCSAgv7S3CyAFMkpYg=="
      },
      "System.Data.Common": {
        "type": "Transitive",
        "resolved": "4.1.0",
        "contentHash": "epU8jeTe7aE7RqGHq9rZ8b0Q4Ah7DgubzHQblgZMSqgW1saW868WmooSyC5ywf8upLBkcVLDu93W9GPWUYsU2Q==",
        "dependencies": {
          "System.Collections": "4.0.11",
          "System.Globalization": "4.0.11",
          "System.IO": "4.1.0",
          "System.Resources.ResourceManager": "4.0.1",
          "System.Runtime": "4.1.0",
          "System.Runtime.Extensions": "4.1.0",
          "System.Text.RegularExpressions": "4.1.0",
          "System.Threading.Tasks": "4.0.11"
        }
      },
      "System.Diagnostics.Debug": {
        "type": "Transitive",
        "resolved": "4.0.11",
        "contentHash": "w5U95fVKHY4G8ASs/K5iK3J5LY+/dLFd4vKejsnI/ZhBsWS9hQakfx3Zr7lRWKg4tAw9r4iktyvsTagWkqYCiw==",
        "dependencies": {
          "Microsoft.NETCore.Platforms": "1.0.1",
          "Microsoft.NETCore.Targets": "1.0.1",
          "System.Runtime": "4.1.0"
        }
      },
      "System.Diagnostics.DiagnosticSource": {
        "type": "Transitive",
        "resolved": "4.0.0",
        "contentHash": "YKglnq4BMTJxfcr6nuT08g+yJ0UxdePIHxosiLuljuHIUR6t4KhFsyaHOaOc1Ofqp0PUvJ0EmcgiEz6T7vEx3w==",
        "dependencies": {
          "System.Collections": "4.0.11",
          "System.Diagnostics.Tracing": "4.1.0",
          "System.Reflection": "4.1.0",
          "System.Runtime": "4.1.0",
          "System.Threading": "4.0.11"
        }
      },
      "System.Diagnostics.Tracing": {
        "type": "Transitive",
        "resolved": "4.1.0",
        "contentHash": "vDN1PoMZCkkdNjvZLql592oYJZgS7URcJzJ7bxeBgGtx5UtR5leNm49VmfHGqIffX4FKacHbI3H6UyNSHQknBg==",
        "dependencies": {
          "Microsoft.NETCore.Platforms": "1.0.1",
          "Microsoft.NETCore.Targets": "1.0.1",
          "System.Runtime": "4.1.0"
        }
      },
      "System.Globalization": {
        "type": "Transitive",
        "resolved": "4.0.11",
        "contentHash": "B95h0YLEL2oSnwF/XjqSWKnwKOy/01VWkNlsCeMTFJLLabflpGV26nK164eRs5GiaRSBGpOxQ3pKoSnnyZN5pg==",
        "dependencies": {
          "Microsoft.NETCore.Platforms": "1.0.1",
          "Microsoft.NETCore.Targets": "1.0.1",
          "System.Runtime": "4.1.0"
        }
      },
      "System.Interactive.Async": {
        "type": "Transitive",
        "resolved": "3.0.0",
        "contentHash": "iyrgkZz9Dzm0fiPouQszFC3SO/46k6AYd/jG9bu+/o0AoDMaRXtlo3TIuWVNtOuJFd1noL963QouroJ0T3rImw==",
        "dependencies": {
          "System.Collections": "4.0.11",
          "System.Diagnostics.Debug": "4.0.11",
          "System.Linq": "4.1.0",
          "System.Resources.ResourceManager": "4.0.1",
          "System.Runtime": "4.1.0",
          "System.Runtime.Extensions": "4.1.0",
          "System.Threading": "4.0.11",
          "System.Threading.Tasks": "4.0.11"
        }
      },
      "System.IO": {
        "type": "Transitive",
        "resolved": "4.1.0",
        "contentHash": "3KlTJceQc3gnGIaHZ7UBZO26SHL1SHE4ddrmiwumFnId+CEHP+O8r386tZKaE6zlk5/mF8vifMBzHj9SaXN+mQ==",
        "dependencies": {
          "Microsoft.NETCore.Platforms": "1.0.1",
          "Microsoft.NETCore.Targets": "1.0.1",
          "System.Runtime": "4.1.0",
          "System.Text.Encoding": "4.0.11",
          "System.Threading.Tasks": "4.0.11"
        }
      },
      "System.Linq": {
        "type": "Transitive",
        "resolved": "4.1.0",
        "contentHash": "bQ0iYFOQI0nuTnt+NQADns6ucV4DUvMdwN6CbkB1yj8i7arTGiTN5eok1kQwdnnNWSDZfIUySQY+J3d5KjWn0g==",
        "dependencies": {
          "System.Collections": "4.0.11",
          "System.Diagnostics.Debug": "4.0.11",
          "System.Resources.ResourceManager": "4.0.1",
          "System.Runtime": "4.1.0",
          "System.Runtime.Extensions": "4.1.0"
        }
      },
      "System.Linq.Dynamic.Core": {
        "type": "Transitive",
        "resolved": "1.2.19",
        "contentHash": "R9Iv6uDZQLDecHhBANawccBzm5H6lHTKL65zPfulHBBpeT7NktzLcxA0MfffWsTjCzSo106Vy5QtkwXnlfekJQ=="
      },
      "System.Linq.Expressions": {
        "type": "Transitive",
        "resolved": "4.1.0",
        "contentHash": "I+y02iqkgmCAyfbqOmSDOgqdZQ5tTj80Akm5BPSS8EeB0VGWdy6X1KCoYe8Pk6pwDoAKZUOdLVxnTJcExiv5zw==",
        "dependencies": {
          "System.Collections": "4.0.11",
          "System.Diagnostics.Debug": "4.0.11",
          "System.Globalization": "4.0.11",
          "System.IO": "4.1.0",
          "System.Linq": "4.1.0",
          "System.ObjectModel": "4.0.12",
          "System.Reflection": "4.1.0",
          "System.Reflection.Emit": "4.0.1",
          "System.Reflection.Emit.ILGeneration": "4.0.1",
          "System.Reflection.Emit.Lightweight": "4.0.1",
          "System.Reflection.Extensions": "4.0.1",
          "System.Reflection.Primitives": "4.0.1",
          "System.Reflection.TypeExtensions": "4.1.0",
          "System.Resources.ResourceManager": "4.0.1",
          "System.Runtime": "4.1.0",
          "System.Runtime.Extensions": "4.1.0",
          "System.Threading": "4.0.11"
        }
      },
      "System.Linq.Queryable": {
        "type": "Transitive",
        "resolved": "4.0.1",
        "contentHash": "Yn/WfYe9RoRfmSLvUt2JerP0BTGGykCZkQPgojaxgzF2N0oPo+/AhB8TXOpdCcNlrG3VRtsamtK2uzsp3cqRVw==",
        "dependencies": {
          "System.Collections": "4.0.11",
          "System.Diagnostics.Debug": "4.0.11",
          "System.Linq": "4.1.0",
          "System.Linq.Expressions": "4.1.0",
          "System.Reflection": "4.1.0",
          "System.Reflection.Extensions": "4.0.1",
          "System.Resources.ResourceManager": "4.0.1",
          "System.Runtime": "4.1.0"
        }
      },
      "System.ObjectModel": {
        "type": "Transitive",
        "resolved": "4.0.12",
        "contentHash": "tAgJM1xt3ytyMoW4qn4wIqgJYm7L7TShRZG4+Q4Qsi2PCcj96pXN7nRywS9KkB3p/xDUjc2HSwP9SROyPYDYKQ==",
        "dependencies": {
          "System.Collections": "4.0.11",
          "System.Diagnostics.Debug": "4.0.11",
          "System.Resources.ResourceManager": "4.0.1",
          "System.Runtime": "4.1.0",
          "System.Threading": "4.0.11"
        }
      },
      "System.Reflection": {
        "type": "Transitive",
        "resolved": "4.1.0",
        "contentHash": "JCKANJ0TI7kzoQzuwB/OoJANy1Lg338B6+JVacPl4TpUwi3cReg3nMLplMq2uqYfHFQpKIlHAUVAJlImZz/4ng==",
        "dependencies": {
          "Microsoft.NETCore.Platforms": "1.0.1",
          "Microsoft.NETCore.Targets": "1.0.1",
          "System.IO": "4.1.0",
          "System.Reflection.Primitives": "4.0.1",
          "System.Runtime": "4.1.0"
        }
      },
      "System.Reflection.Emit": {
        "type": "Transitive",
        "resolved": "4.0.1",
        "contentHash": "P2wqAj72fFjpP6wb9nSfDqNBMab+2ovzSDzUZK7MVIm54tBJEPr9jWfSjjoTpPwj1LeKcmX3vr0ttyjSSFM47g==",
        "dependencies": {
          "System.IO": "4.1.0",
          "System.Reflection": "4.1.0",
          "System.Reflection.Emit.ILGeneration": "4.0.1",
          "System.Reflection.Primitives": "4.0.1",
          "System.Runtime": "4.1.0"
        }
      },
      "System.Reflection.Emit.ILGeneration": {
        "type": "Transitive",
        "resolved": "4.0.1",
        "contentHash": "Ov6dU8Bu15Bc7zuqttgHF12J5lwSWyTf1S+FJouUXVMSqImLZzYaQ+vRr1rQ0OZ0HqsrwWl4dsKHELckQkVpgA==",
        "dependencies": {
          "System.Reflection": "4.1.0",
          "System.Reflection.Primitives": "4.0.1",
          "System.Runtime": "4.1.0"
        }
      },
      "System.Reflection.Emit.Lightweight": {
        "type": "Transitive",
        "resolved": "4.0.1",
        "contentHash": "sSzHHXueZ5Uh0OLpUQprhr+ZYJrLPA2Cmr4gn0wj9+FftNKXx8RIMKvO9qnjk2ebPYUjZ+F2ulGdPOsvj+MEjA==",
        "dependencies": {
          "System.Reflection": "4.1.0",
          "System.Reflection.Emit.ILGeneration": "4.0.1",
          "System.Reflection.Primitives": "4.0.1",
          "System.Runtime": "4.1.0"
        }
      },
      "System.Reflection.Extensions": {
        "type": "Transitive",
        "resolved": "4.0.1",
        "contentHash": "GYrtRsZcMuHF3sbmRHfMYpvxZoIN2bQGrYGerUiWLEkqdEUQZhH3TRSaC/oI4wO0II1RKBPlpIa1TOMxIcOOzQ==",
        "dependencies": {
          "Microsoft.NETCore.Platforms": "1.0.1",
          "Microsoft.NETCore.Targets": "1.0.1",
          "System.Reflection": "4.1.0",
          "System.Runtime": "4.1.0"
        }
      },
      "System.Reflection.Primitives": {
        "type": "Transitive",
        "resolved": "4.0.1",
        "contentHash": "4inTox4wTBaDhB7V3mPvp9XlCbeGYWVEM9/fXALd52vNEAVisc1BoVWQPuUuD0Ga//dNbA/WeMy9u9mzLxGTHQ==",
        "dependencies": {
          "Microsoft.NETCore.Platforms": "1.0.1",
          "Microsoft.NETCore.Targets": "1.0.1",
          "System.Runtime": "4.1.0"
        }
      },
      "System.Reflection.TypeExtensions": {
        "type": "Transitive",
        "resolved": "4.1.0",
        "contentHash": "tsQ/ptQ3H5FYfON8lL4MxRk/8kFyE0A+tGPXmVP967cT/gzLHYxIejIYSxp4JmIeFHVP78g/F2FE1mUUTbDtrg==",
        "dependencies": {
          "System.Reflection": "4.1.0",
          "System.Runtime": "4.1.0"
        }
      },
      "System.Resources.ResourceManager": {
        "type": "Transitive",
        "resolved": "4.0.1",
        "contentHash": "TxwVeUNoTgUOdQ09gfTjvW411MF+w9MBYL7AtNVc+HtBCFlutPLhUCdZjNkjbhj3bNQWMdHboF0KIWEOjJssbA==",
        "dependencies": {
          "Microsoft.NETCore.Platforms": "1.0.1",
          "Microsoft.NETCore.Targets": "1.0.1",
          "System.Globalization": "4.0.11",
          "System.Reflection": "4.1.0",
          "System.Runtime": "4.1.0"
        }
      },
      "System.Runtime": {
        "type": "Transitive",
        "resolved": "4.1.0",
        "contentHash": "v6c/4Yaa9uWsq+JMhnOFewrYkgdNHNG2eMKuNqRn8P733rNXeRCGvV5FkkjBXn2dbVkPXOsO0xjsEeM1q2zC0g==",
        "dependencies": {
          "Microsoft.NETCore.Platforms": "1.0.1",
          "Microsoft.NETCore.Targets": "1.0.1"
        }
      },
      "System.Runtime.Extensions": {
        "type": "Transitive",
        "resolved": "4.1.0",
        "contentHash": "CUOHjTT/vgP0qGW22U4/hDlOqXmcPq5YicBaXdUR2UiUoLwBT+olO6we4DVbq57jeX5uXH2uerVZhf0qGj+sVQ==",
        "dependencies": {
          "Microsoft.NETCore.Platforms": "1.0.1",
          "Microsoft.NETCore.Targets": "1.0.1",
          "System.Runtime": "4.1.0"
        }
      },
      "System.Runtime.Handles": {
        "type": "Transitive",
        "resolved": "4.0.1",
        "contentHash": "nCJvEKguXEvk2ymk1gqj625vVnlK3/xdGzx0vOKicQkoquaTBJTP13AIYkocSUwHCLNBwUbXTqTWGDxBTWpt7g==",
        "dependencies": {
          "Microsoft.NETCore.Platforms": "1.0.1",
          "Microsoft.NETCore.Targets": "1.0.1",
          "System.Runtime": "4.1.0"
        }
      },
      "System.Runtime.InteropServices": {
        "type": "Transitive",
        "resolved": "4.1.0",
        "contentHash": "16eu3kjHS633yYdkjwShDHZLRNMKVi/s0bY8ODiqJ2RfMhDMAwxZaUaWVnZ2P71kr/or+X9o/xFWtNqz8ivieQ==",
        "dependencies": {
          "Microsoft.NETCore.Platforms": "1.0.1",
          "Microsoft.NETCore.Targets": "1.0.1",
          "System.Reflection": "4.1.0",
          "System.Reflection.Primitives": "4.0.1",
          "System.Runtime": "4.1.0",
          "System.Runtime.Handles": "4.0.1"
        }
      },
      "System.Text.Encoding": {
        "type": "Transitive",
        "resolved": "4.0.11",
        "contentHash": "U3gGeMlDZXxCEiY4DwVLSacg+DFWCvoiX+JThA/rvw37Sqrku7sEFeVBBBMBnfB6FeZHsyDx85HlKL19x0HtZA==",
        "dependencies": {
          "Microsoft.NETCore.Platforms": "1.0.1",
          "Microsoft.NETCore.Targets": "1.0.1",
          "System.Runtime": "4.1.0"
        }
      },
      "System.Text.RegularExpressions": {
        "type": "Transitive",
        "resolved": "4.1.0",
        "contentHash": "i88YCXpRTjCnoSQZtdlHkAOx4KNNik4hMy83n0+Ftlb7jvV6ZiZWMpnEZHhjBp6hQVh8gWd/iKNPzlPF7iyA2g==",
        "dependencies": {
          "System.Collections": "4.0.11",
          "System.Globalization": "4.0.11",
          "System.Resources.ResourceManager": "4.0.1",
          "System.Runtime": "4.1.0",
          "System.Runtime.Extensions": "4.1.0",
          "System.Threading": "4.0.11"
        }
      },
      "System.Threading": {
        "type": "Transitive",
        "resolved": "4.0.11",
        "contentHash": "N+3xqIcg3VDKyjwwCGaZ9HawG9aC6cSDI+s7ROma310GQo8vilFZa86hqKppwTHleR/G0sfOzhvgnUxWCR/DrQ==",
        "dependencies": {
          "System.Runtime": "4.1.0",
          "System.Threading.Tasks": "4.0.11"
        }
      },
      "System.Threading.Tasks": {
        "type": "Transitive",
        "resolved": "4.0.11",
        "contentHash": "k1S4Gc6IGwtHGT8188RSeGaX86Qw/wnrgNLshJvsdNUOPP9etMmo8S07c+UlOAx4K/xLuN9ivA1bD0LVurtIxQ==",
        "dependencies": {
          "Microsoft.NETCore.Platforms": "1.0.1",
          "Microsoft.NETCore.Targets": "1.0.1",
          "System.Runtime": "4.1.0"
        }
      },
      "enigmatry.entry.blueprint.core": {
        "type": "Project",
        "dependencies": {
          "Enigmatry.Entry.Core": "(, )",
          "Enigmatry.Entry.SmartEnums": "(, )"
        }
      },
      "enigmatry.entry.blueprint.domain": {
        "type": "Project",
        "dependencies": {
          "Enigmatry.Entry.Blueprint.Core": "[1.0.0, )",
          "Enigmatry.Entry.Core": "(, )",
          "Enigmatry.Entry.Core.EntityFramework": "(, )",
          "FluentValidation": "(, )"
        }
      }
    }
  }
}